// !$*UTF8*$!
{
	archiveVersion = 1;
	classes = {
	};
	objectVersion = 46;
	objects = {

/* Begin PBXAggregateTarget section */
		"SwiftCohesionAnalyzer::SwiftCohesionAnalyzerPackageTests::ProductTarget" /* SwiftCohesionAnalyzerPackageTests */ = {
			isa = PBXAggregateTarget;
			buildConfigurationList = OBJ_52 /* Build configuration list for PBXAggregateTarget "SwiftCohesionAnalyzerPackageTests" */;
			buildPhases = (
			);
			dependencies = (
				OBJ_55 /* PBXTargetDependency */,
			);
			name = SwiftCohesionAnalyzerPackageTests;
			productName = SwiftCohesionAnalyzerPackageTests;
		};
/* End PBXAggregateTarget section */

/* Begin PBXBuildFile section */
		OBJ_24 /* Package.swift in Sources */ = {isa = PBXBuildFile; fileRef = OBJ_6 /* Package.swift */; };
		OBJ_30 /* SwiftCohesionAnalyzerTests.swift in Sources */ = {isa = PBXBuildFile; fileRef = OBJ_14 /* SwiftCohesionAnalyzerTests.swift */; };
		OBJ_32 /* SwiftCohesionAnalyzerCore.framework in Frameworks */ = {isa = PBXBuildFile; fileRef = "SwiftCohesionAnalyzer::SwiftCohesionAnalyzerCore::Product" /* SwiftCohesionAnalyzerCore.framework */; };
		OBJ_41 /* main.swift in Sources */ = {isa = PBXBuildFile; fileRef = OBJ_11 /* main.swift */; };
		OBJ_43 /* SwiftCohesionAnalyzerCore.framework in Frameworks */ = {isa = PBXBuildFile; fileRef = "SwiftCohesionAnalyzer::SwiftCohesionAnalyzerCore::Product" /* SwiftCohesionAnalyzerCore.framework */; };
		OBJ_49 /* SwiftCohesionAnalyzerCore.swift in Sources */ = {isa = PBXBuildFile; fileRef = OBJ_9 /* SwiftCohesionAnalyzerCore.swift */; };
/* End PBXBuildFile section */

/* Begin PBXContainerItemProxy section */
		B051A4A72052FCB10041F6E3 /* PBXContainerItemProxy */ = {
			isa = PBXContainerItemProxy;
			containerPortal = OBJ_1 /* Project object */;
			proxyType = 1;
			remoteGlobalIDString = "SwiftCohesionAnalyzer::SwiftCohesionAnalyzerCore";
			remoteInfo = SwiftCohesionAnalyzerCore;
		};
		B051A4A82052FCB10041F6E3 /* PBXContainerItemProxy */ = {
			isa = PBXContainerItemProxy;
			containerPortal = OBJ_1 /* Project object */;
			proxyType = 1;
			remoteGlobalIDString = "SwiftCohesionAnalyzer::SwiftCohesionAnalyzer";
			remoteInfo = SwiftCohesionAnalyzer;
		};
		B051A4A92052FCB10041F6E3 /* PBXContainerItemProxy */ = {
			isa = PBXContainerItemProxy;
			containerPortal = OBJ_1 /* Project object */;
			proxyType = 1;
			remoteGlobalIDString = "SwiftCohesionAnalyzer::SwiftCohesionAnalyzerCore";
			remoteInfo = SwiftCohesionAnalyzerCore;
		};
		B051A4AA2052FCB20041F6E3 /* PBXContainerItemProxy */ = {
			isa = PBXContainerItemProxy;
			containerPortal = OBJ_1 /* Project object */;
			proxyType = 1;
			remoteGlobalIDString = "SwiftCohesionAnalyzer::SwiftCohesionAnalyzerTests";
			remoteInfo = SwiftCohesionAnalyzerTests;
		};
/* End PBXContainerItemProxy section */

/* Begin PBXFileReference section */
		OBJ_11 /* main.swift */ = {isa = PBXFileReference; lastKnownFileType = sourcecode.swift; path = main.swift; sourceTree = "<group>"; };
		OBJ_14 /* SwiftCohesionAnalyzerTests.swift */ = {isa = PBXFileReference; lastKnownFileType = sourcecode.swift; path = SwiftCohesionAnalyzerTests.swift; sourceTree = "<group>"; };
		OBJ_6 /* Package.swift */ = {isa = PBXFileReference; explicitFileType = sourcecode.swift; path = Package.swift; sourceTree = "<group>"; };
		OBJ_9 /* SwiftCohesionAnalyzerCore.swift */ = {isa = PBXFileReference; lastKnownFileType = sourcecode.swift; path = SwiftCohesionAnalyzerCore.swift; sourceTree = "<group>"; };
		"SwiftCohesionAnalyzer::SwiftCohesionAnalyzer::Product" /* SwiftCohesionAnalyzer */ = {isa = PBXFileReference; lastKnownFileType = text; path = SwiftCohesionAnalyzer; sourceTree = BUILT_PRODUCTS_DIR; };
		"SwiftCohesionAnalyzer::SwiftCohesionAnalyzerCore::Product" /* SwiftCohesionAnalyzerCore.framework */ = {isa = PBXFileReference; explicitFileType = wrapper.framework; path = SwiftCohesionAnalyzerCore.framework; sourceTree = BUILT_PRODUCTS_DIR; };
		"SwiftCohesionAnalyzer::SwiftCohesionAnalyzerTests::Product" /* SwiftCohesionAnalyzerTests.xctest */ = {isa = PBXFileReference; lastKnownFileType = file; path = SwiftCohesionAnalyzerTests.xctest; sourceTree = BUILT_PRODUCTS_DIR; };
/* End PBXFileReference section */

/* Begin PBXFrameworksBuildPhase section */
		OBJ_31 /* Frameworks */ = {
			isa = PBXFrameworksBuildPhase;
			buildActionMask = 0;
			files = (
				OBJ_32 /* SwiftCohesionAnalyzerCore.framework in Frameworks */,
			);
			runOnlyForDeploymentPostprocessing = 0;
		};
		OBJ_42 /* Frameworks */ = {
			isa = PBXFrameworksBuildPhase;
			buildActionMask = 0;
			files = (
				OBJ_43 /* SwiftCohesionAnalyzerCore.framework in Frameworks */,
			);
			runOnlyForDeploymentPostprocessing = 0;
		};
		OBJ_50 /* Frameworks */ = {
			isa = PBXFrameworksBuildPhase;
			buildActionMask = 0;
			files = (
			);
			runOnlyForDeploymentPostprocessing = 0;
		};
/* End PBXFrameworksBuildPhase section */

/* Begin PBXGroup section */
		OBJ_10 /* SwiftCohesionAnalyzer */ = {
			isa = PBXGroup;
			children = (
				OBJ_11 /* main.swift */,
			);
			name = SwiftCohesionAnalyzer;
			path = Sources/SwiftCohesionAnalyzer;
			sourceTree = SOURCE_ROOT;
		};
		OBJ_12 /* Tests */ = {
			isa = PBXGroup;
			children = (
				OBJ_13 /* SwiftCohesionAnalyzerTests */,
			);
			name = Tests;
			sourceTree = SOURCE_ROOT;
		};
		OBJ_13 /* SwiftCohesionAnalyzerTests */ = {
			isa = PBXGroup;
			children = (
				OBJ_14 /* SwiftCohesionAnalyzerTests.swift */,
			);
			name = SwiftCohesionAnalyzerTests;
			path = Tests/SwiftCohesionAnalyzerTests;
			sourceTree = SOURCE_ROOT;
		};
		OBJ_15 /* Products */ = {
			isa = PBXGroup;
			children = (
				"SwiftCohesionAnalyzer::SwiftCohesionAnalyzerTests::Product" /* SwiftCohesionAnalyzerTests.xctest */,
				"SwiftCohesionAnalyzer::SwiftCohesionAnalyzer::Product" /* SwiftCohesionAnalyzer */,
				"SwiftCohesionAnalyzer::SwiftCohesionAnalyzerCore::Product" /* SwiftCohesionAnalyzerCore.framework */,
			);
			name = Products;
			sourceTree = BUILT_PRODUCTS_DIR;
		};
		OBJ_5 /*  */ = {
			isa = PBXGroup;
			children = (
				OBJ_6 /* Package.swift */,
				OBJ_7 /* Sources */,
				OBJ_12 /* Tests */,
				OBJ_15 /* Products */,
			);
			name = "";
			sourceTree = "<group>";
		};
		OBJ_7 /* Sources */ = {
			isa = PBXGroup;
			children = (
				OBJ_8 /* SwiftCohesionAnalyzerCore */,
				OBJ_10 /* SwiftCohesionAnalyzer */,
			);
			name = Sources;
			sourceTree = SOURCE_ROOT;
		};
		OBJ_8 /* SwiftCohesionAnalyzerCore */ = {
			isa = PBXGroup;
			children = (
				OBJ_9 /* SwiftCohesionAnalyzerCore.swift */,
			);
			name = SwiftCohesionAnalyzerCore;
			path = Sources/SwiftCohesionAnalyzerCore;
			sourceTree = SOURCE_ROOT;
		};
/* End PBXGroup section */

/* Begin PBXNativeTarget section */
		"SwiftCohesionAnalyzer::SwiftCohesionAnalyzer" /* SwiftCohesionAnalyzer */ = {
			isa = PBXNativeTarget;
			buildConfigurationList = OBJ_37 /* Build configuration list for PBXNativeTarget "SwiftCohesionAnalyzer" */;
			buildPhases = (
				OBJ_40 /* Sources */,
				OBJ_42 /* Frameworks */,
			);
			buildRules = (
			);
			dependencies = (
				OBJ_44 /* PBXTargetDependency */,
			);
			name = SwiftCohesionAnalyzer;
			productName = SwiftCohesionAnalyzer;
			productReference = "SwiftCohesionAnalyzer::SwiftCohesionAnalyzer::Product" /* SwiftCohesionAnalyzer */;
			productType = "com.apple.product-type.tool";
		};
		"SwiftCohesionAnalyzer::SwiftCohesionAnalyzerCore" /* SwiftCohesionAnalyzerCore */ = {
			isa = PBXNativeTarget;
			buildConfigurationList = OBJ_45 /* Build configuration list for PBXNativeTarget "SwiftCohesionAnalyzerCore" */;
			buildPhases = (
				OBJ_48 /* Sources */,
				OBJ_50 /* Frameworks */,
			);
			buildRules = (
			);
			dependencies = (
			);
			name = SwiftCohesionAnalyzerCore;
			productName = SwiftCohesionAnalyzerCore;
			productReference = "SwiftCohesionAnalyzer::SwiftCohesionAnalyzerCore::Product" /* SwiftCohesionAnalyzerCore.framework */;
			productType = "com.apple.product-type.framework";
		};
		"SwiftCohesionAnalyzer::SwiftCohesionAnalyzerTests" /* SwiftCohesionAnalyzerTests */ = {
			isa = PBXNativeTarget;
			buildConfigurationList = OBJ_26 /* Build configuration list for PBXNativeTarget "SwiftCohesionAnalyzerTests" */;
			buildPhases = (
				OBJ_29 /* Sources */,
				OBJ_31 /* Frameworks */,
			);
			buildRules = (
			);
			dependencies = (
				OBJ_33 /* PBXTargetDependency */,
				OBJ_35 /* PBXTargetDependency */,
			);
			name = SwiftCohesionAnalyzerTests;
			productName = SwiftCohesionAnalyzerTests;
			productReference = "SwiftCohesionAnalyzer::SwiftCohesionAnalyzerTests::Product" /* SwiftCohesionAnalyzerTests.xctest */;
			productType = "com.apple.product-type.bundle.unit-test";
		};
		"SwiftCohesionAnalyzer::SwiftPMPackageDescription" /* SwiftCohesionAnalyzerPackageDescription */ = {
			isa = PBXNativeTarget;
			buildConfigurationList = OBJ_20 /* Build configuration list for PBXNativeTarget "SwiftCohesionAnalyzerPackageDescription" */;
			buildPhases = (
				OBJ_23 /* Sources */,
			);
			buildRules = (
			);
			dependencies = (
			);
			name = SwiftCohesionAnalyzerPackageDescription;
			productName = SwiftCohesionAnalyzerPackageDescription;
			productType = "com.apple.product-type.framework";
		};
/* End PBXNativeTarget section */

/* Begin PBXProject section */
		OBJ_1 /* Project object */ = {
			isa = PBXProject;
			attributes = {
				LastUpgradeCheck = 9999;
			};
			buildConfigurationList = OBJ_2 /* Build configuration list for PBXProject "SwiftCohesionAnalyzer" */;
			compatibilityVersion = "Xcode 3.2";
			developmentRegion = English;
			hasScannedForEncodings = 0;
			knownRegions = (
				en,
			);
			mainGroup = OBJ_5 /*  */;
			productRefGroup = OBJ_15 /* Products */;
			projectDirPath = "";
			projectRoot = "";
			targets = (
				"SwiftCohesionAnalyzer::SwiftPMPackageDescription" /* SwiftCohesionAnalyzerPackageDescription */,
				"SwiftCohesionAnalyzer::SwiftCohesionAnalyzerTests" /* SwiftCohesionAnalyzerTests */,
				"SwiftCohesionAnalyzer::SwiftCohesionAnalyzer" /* SwiftCohesionAnalyzer */,
				"SwiftCohesionAnalyzer::SwiftCohesionAnalyzerCore" /* SwiftCohesionAnalyzerCore */,
				"SwiftCohesionAnalyzer::SwiftCohesionAnalyzerPackageTests::ProductTarget" /* SwiftCohesionAnalyzerPackageTests */,
			);
		};
/* End PBXProject section */

/* Begin PBXSourcesBuildPhase section */
		OBJ_23 /* Sources */ = {
			isa = PBXSourcesBuildPhase;
			buildActionMask = 0;
			files = (
				OBJ_24 /* Package.swift in Sources */,
			);
			runOnlyForDeploymentPostprocessing = 0;
		};
		OBJ_29 /* Sources */ = {
			isa = PBXSourcesBuildPhase;
			buildActionMask = 0;
			files = (
				OBJ_30 /* SwiftCohesionAnalyzerTests.swift in Sources */,
			);
			runOnlyForDeploymentPostprocessing = 0;
		};
		OBJ_40 /* Sources */ = {
			isa = PBXSourcesBuildPhase;
			buildActionMask = 0;
			files = (
				OBJ_41 /* main.swift in Sources */,
			);
			runOnlyForDeploymentPostprocessing = 0;
		};
		OBJ_48 /* Sources */ = {
			isa = PBXSourcesBuildPhase;
			buildActionMask = 0;
			files = (
				OBJ_49 /* SwiftCohesionAnalyzerCore.swift in Sources */,
			);
			runOnlyForDeploymentPostprocessing = 0;
		};
/* End PBXSourcesBuildPhase section */

/* Begin PBXTargetDependency section */
		OBJ_33 /* PBXTargetDependency */ = {
			isa = PBXTargetDependency;
			target = "SwiftCohesionAnalyzer::SwiftCohesionAnalyzer" /* SwiftCohesionAnalyzer */;
			targetProxy = B051A4A82052FCB10041F6E3 /* PBXContainerItemProxy */;
		};
		OBJ_35 /* PBXTargetDependency */ = {
			isa = PBXTargetDependency;
			target = "SwiftCohesionAnalyzer::SwiftCohesionAnalyzerCore" /* SwiftCohesionAnalyzerCore */;
			targetProxy = B051A4A92052FCB10041F6E3 /* PBXContainerItemProxy */;
		};
		OBJ_44 /* PBXTargetDependency */ = {
			isa = PBXTargetDependency;
			target = "SwiftCohesionAnalyzer::SwiftCohesionAnalyzerCore" /* SwiftCohesionAnalyzerCore */;
			targetProxy = B051A4A72052FCB10041F6E3 /* PBXContainerItemProxy */;
		};
		OBJ_55 /* PBXTargetDependency */ = {
			isa = PBXTargetDependency;
			target = "SwiftCohesionAnalyzer::SwiftCohesionAnalyzerTests" /* SwiftCohesionAnalyzerTests */;
			targetProxy = B051A4AA2052FCB20041F6E3 /* PBXContainerItemProxy */;
		};
/* End PBXTargetDependency section */

/* Begin XCBuildConfiguration section */
		OBJ_21 /* Debug */ = {
			isa = XCBuildConfiguration;
			buildSettings = {
				LD = /usr/bin/true;
				OTHER_SWIFT_FLAGS = "-swift-version 4 -I /Applications/Xcode.app/Contents/Developer/Toolchains/XcodeDefault.xctoolchain/usr/lib/swift/pm/4 -target x86_64-apple-macosx10.10 -sdk /Applications/Xcode.app/Contents/Developer/Platforms/MacOSX.platform/Developer/SDKs/MacOSX10.13.sdk";
				SWIFT_VERSION = 4.0;
			};
			name = Debug;
		};
		OBJ_22 /* Release */ = {
			isa = XCBuildConfiguration;
			buildSettings = {
				LD = /usr/bin/true;
				OTHER_SWIFT_FLAGS = "-swift-version 4 -I /Applications/Xcode.app/Contents/Developer/Toolchains/XcodeDefault.xctoolchain/usr/lib/swift/pm/4 -target x86_64-apple-macosx10.10 -sdk /Applications/Xcode.app/Contents/Developer/Platforms/MacOSX.platform/Developer/SDKs/MacOSX10.13.sdk";
				SWIFT_VERSION = 4.0;
			};
			name = Release;
		};
		OBJ_27 /* Debug */ = {
			isa = XCBuildConfiguration;
			buildSettings = {
				EMBEDDED_CONTENT_CONTAINS_SWIFT = YES;
				FRAMEWORK_SEARCH_PATHS = (
					"$(inherited)",
					"$(PLATFORM_DIR)/Developer/Library/Frameworks",
				);
				HEADER_SEARCH_PATHS = "$(inherited)";
				INFOPLIST_FILE = SwiftCohesionAnalyzer.xcodeproj/SwiftCohesionAnalyzerTests_Info.plist;
				LD_RUNPATH_SEARCH_PATHS = "@loader_path/../Frameworks @loader_path/Frameworks";
				OTHER_LDFLAGS = "$(inherited)";
				OTHER_SWIFT_FLAGS = "$(inherited)";
				SWIFT_VERSION = 4.0;
				TARGET_NAME = SwiftCohesionAnalyzerTests;
			};
			name = Debug;
		};
		OBJ_28 /* Release */ = {
			isa = XCBuildConfiguration;
			buildSettings = {
				EMBEDDED_CONTENT_CONTAINS_SWIFT = YES;
				FRAMEWORK_SEARCH_PATHS = (
					"$(inherited)",
					"$(PLATFORM_DIR)/Developer/Library/Frameworks",
				);
				HEADER_SEARCH_PATHS = "$(inherited)";
				INFOPLIST_FILE = SwiftCohesionAnalyzer.xcodeproj/SwiftCohesionAnalyzerTests_Info.plist;
				LD_RUNPATH_SEARCH_PATHS = "@loader_path/../Frameworks @loader_path/Frameworks";
				OTHER_LDFLAGS = "$(inherited)";
				OTHER_SWIFT_FLAGS = "$(inherited)";
				SWIFT_VERSION = 4.0;
				TARGET_NAME = SwiftCohesionAnalyzerTests;
			};
			name = Release;
		};
		OBJ_3 /* Debug */ = {
			isa = XCBuildConfiguration;
			buildSettings = {
				CLANG_ENABLE_OBJC_ARC = YES;
				COMBINE_HIDPI_IMAGES = YES;
				COPY_PHASE_STRIP = NO;
				DEBUG_INFORMATION_FORMAT = dwarf;
				DYLIB_INSTALL_NAME_BASE = "@rpath";
				ENABLE_NS_ASSERTIONS = YES;
				GCC_OPTIMIZATION_LEVEL = 0;
				MACOSX_DEPLOYMENT_TARGET = 10.10;
				ONLY_ACTIVE_ARCH = YES;
				OTHER_SWIFT_FLAGS = "-DXcode";
				PRODUCT_NAME = "$(TARGET_NAME)";
				SDKROOT = macosx;
				SUPPORTED_PLATFORMS = macosx;
				SWIFT_ACTIVE_COMPILATION_CONDITIONS = SWIFT_PACKAGE;
				SWIFT_OPTIMIZATION_LEVEL = "-Onone";
				USE_HEADERMAP = NO;
			};
			name = Debug;
		};
		OBJ_38 /* Debug */ = {
			isa = XCBuildConfiguration;
			buildSettings = {
				FRAMEWORK_SEARCH_PATHS = (
					"$(inherited)",
					"$(PLATFORM_DIR)/Developer/Library/Frameworks",
				);
				HEADER_SEARCH_PATHS = "$(inherited)";
				INFOPLIST_FILE = SwiftCohesionAnalyzer.xcodeproj/SwiftCohesionAnalyzer_Info.plist;
				LD_RUNPATH_SEARCH_PATHS = "$(TOOLCHAIN_DIR)/usr/lib/swift/macosx @executable_path";
				OTHER_LDFLAGS = "$(inherited)";
				OTHER_SWIFT_FLAGS = "$(inherited)";
				SWIFT_FORCE_DYNAMIC_LINK_STDLIB = YES;
				SWIFT_FORCE_STATIC_LINK_STDLIB = NO;
				SWIFT_VERSION = 4.0;
				TARGET_NAME = SwiftCohesionAnalyzer;
			};
			name = Debug;
		};
		OBJ_39 /* Release */ = {
			isa = XCBuildConfiguration;
			buildSettings = {
				FRAMEWORK_SEARCH_PATHS = (
					"$(inherited)",
					"$(PLATFORM_DIR)/Developer/Library/Frameworks",
				);
				HEADER_SEARCH_PATHS = "$(inherited)";
				INFOPLIST_FILE = SwiftCohesionAnalyzer.xcodeproj/SwiftCohesionAnalyzer_Info.plist;
				LD_RUNPATH_SEARCH_PATHS = "$(TOOLCHAIN_DIR)/usr/lib/swift/macosx @executable_path";
				OTHER_LDFLAGS = "$(inherited)";
				OTHER_SWIFT_FLAGS = "$(inherited)";
				SWIFT_FORCE_DYNAMIC_LINK_STDLIB = YES;
				SWIFT_FORCE_STATIC_LINK_STDLIB = NO;
				SWIFT_VERSION = 4.0;
				TARGET_NAME = SwiftCohesionAnalyzer;
			};
			name = Release;
		};
		OBJ_4 /* Release */ = {
			isa = XCBuildConfiguration;
			buildSettings = {
				CLANG_ENABLE_OBJC_ARC = YES;
				COMBINE_HIDPI_IMAGES = YES;
				COPY_PHASE_STRIP = YES;
				DEBUG_INFORMATION_FORMAT = "dwarf-with-dsym";
				DYLIB_INSTALL_NAME_BASE = "@rpath";
				GCC_OPTIMIZATION_LEVEL = s;
				MACOSX_DEPLOYMENT_TARGET = 10.10;
				OTHER_SWIFT_FLAGS = "-DXcode";
				PRODUCT_NAME = "$(TARGET_NAME)";
				SDKROOT = macosx;
				SUPPORTED_PLATFORMS = macosx;
				SWIFT_ACTIVE_COMPILATION_CONDITIONS = SWIFT_PACKAGE;
				SWIFT_OPTIMIZATION_LEVEL = "-Owholemodule";
				USE_HEADERMAP = NO;
			};
			name = Release;
		};
		OBJ_46 /* Debug */ = {
			isa = XCBuildConfiguration;
			buildSettings = {
				ENABLE_TESTABILITY = YES;
				FRAMEWORK_SEARCH_PATHS = (
					"$(inherited)",
					"$(PLATFORM_DIR)/Developer/Library/Frameworks",
				);
				HEADER_SEARCH_PATHS = "$(inherited)";
				INFOPLIST_FILE = SwiftCohesionAnalyzer.xcodeproj/SwiftCohesionAnalyzerCore_Info.plist;
				LD_RUNPATH_SEARCH_PATHS = "$(TOOLCHAIN_DIR)/usr/lib/swift/macosx";
				OTHER_LDFLAGS = "$(inherited)";
				OTHER_SWIFT_FLAGS = "$(inherited)";
				PRODUCT_BUNDLE_IDENTIFIER = SwiftCohesionAnalyzerCore;
				PRODUCT_MODULE_NAME = "$(TARGET_NAME:c99extidentifier)";
				PRODUCT_NAME = "$(TARGET_NAME:c99extidentifier)";
				SKIP_INSTALL = YES;
				SWIFT_VERSION = 4.0;
				TARGET_NAME = SwiftCohesionAnalyzerCore;
			};
			name = Debug;
		};
		OBJ_47 /* Release */ = {
			isa = XCBuildConfiguration;
			buildSettings = {
				ENABLE_TESTABILITY = YES;
				FRAMEWORK_SEARCH_PATHS = (
					"$(inherited)",
					"$(PLATFORM_DIR)/Developer/Library/Frameworks",
				);
				HEADER_SEARCH_PATHS = "$(inherited)";
				INFOPLIST_FILE = SwiftCohesionAnalyzer.xcodeproj/SwiftCohesionAnalyzerCore_Info.plist;
				LD_RUNPATH_SEARCH_PATHS = "$(TOOLCHAIN_DIR)/usr/lib/swift/macosx";
				OTHER_LDFLAGS = "$(inherited)";
				OTHER_SWIFT_FLAGS = "$(inherited)";
				PRODUCT_BUNDLE_IDENTIFIER = SwiftCohesionAnalyzerCore;
				PRODUCT_MODULE_NAME = "$(TARGET_NAME:c99extidentifier)";
				PRODUCT_NAME = "$(TARGET_NAME:c99extidentifier)";
				SKIP_INSTALL = YES;
				SWIFT_VERSION = 4.0;
				TARGET_NAME = SwiftCohesionAnalyzerCore;
			};
			name = Release;
		};
		OBJ_53 /* Debug */ = {
			isa = XCBuildConfiguration;
			buildSettings = {
			};
			name = Debug;
		};
		OBJ_54 /* Release */ = {
			isa = XCBuildConfiguration;
			buildSettings = {
			};
			name = Release;
		};
/* End XCBuildConfiguration section */

/* Begin XCConfigurationList section */
		OBJ_2 /* Build configuration list for PBXProject "SwiftCohesionAnalyzer" */ = {
			isa = XCConfigurationList;
			buildConfigurations = (
				OBJ_3 /* Debug */,
				OBJ_4 /* Release */,
			);
			defaultConfigurationIsVisible = 0;
			defaultConfigurationName = Debug;
		};
		OBJ_20 /* Build configuration list for PBXNativeTarget "SwiftCohesionAnalyzerPackageDescription" */ = {
			isa = XCConfigurationList;
			buildConfigurations = (
				OBJ_21 /* Debug */,
				OBJ_22 /* Release */,
			);
			defaultConfigurationIsVisible = 0;
			defaultConfigurationName = Debug;
		};
		OBJ_26 /* Build configuration list for PBXNativeTarget "SwiftCohesionAnalyzerTests" */ = {
			isa = XCConfigurationList;
			buildConfigurations = (
				OBJ_27 /* Debug */,
				OBJ_28 /* Release */,
			);
			defaultConfigurationIsVisible = 0;
			defaultConfigurationName = Debug;
		};
		OBJ_37 /* Build configuration list for PBXNativeTarget "SwiftCohesionAnalyzer" */ = {
			isa = XCConfigurationList;
			buildConfigurations = (
				OBJ_38 /* Debug */,
				OBJ_39 /* Release */,
			);
			defaultConfigurationIsVisible = 0;
			defaultConfigurationName = Debug;
		};
		OBJ_45 /* Build configuration list for PBXNativeTarget "SwiftCohesionAnalyzerCore" */ = {
			isa = XCConfigurationList;
			buildConfigurations = (
				OBJ_46 /* Debug */,
				OBJ_47 /* Release */,
			);
			defaultConfigurationIsVisible = 0;
			defaultConfigurationName = Debug;
		};
		OBJ_52 /* Build configuration list for PBXAggregateTarget "SwiftCohesionAnalyzerPackageTests" */ = {
			isa = XCConfigurationList;
			buildConfigurations = (
				OBJ_53 /* Debug */,
				OBJ_54 /* Release */,
			);
			defaultConfigurationIsVisible = 0;
			defaultConfigurationName = Debug;
		};
/* End XCConfigurationList section */
	};
	rootObject = OBJ_1 /* Project object */;
}
